// !$*UTF8*$!
{
	archiveVersion = 1;
	classes = {
	};
	objectVersion = 56;
	objects = {

/* Begin PBXBuildFile section */
		C2A9C2012C7D6476008AF4B6 /* ColorfulTimeApp.swift in Sources */ = {isa = PBXBuildFile; fileRef = C2A9C2002C7D6476008AF4B6 /* ColorfulTimeApp.swift */; };
		C2A9C2032C7D6476008AF4B6 /* ContentView.swift in Sources */ = {isa = PBXBuildFile; fileRef = C2A9C2022C7D6476008AF4B6 /* ContentView.swift */; };
		C2A9C2052C7D6478008AF4B6 /* Assets.xcassets in Resources */ = {isa = PBXBuildFile; fileRef = C2A9C2042C7D6478008AF4B6 /* Assets.xcassets */; };
		C2A9C2082C7D6478008AF4B6 /* Preview Assets.xcassets in Resources */ = {isa = PBXBuildFile; fileRef = C2A9C2072C7D6478008AF4B6 /* Preview Assets.xcassets */; };
		C2A9C2122C7D6478008AF4B6 /* ColorfulTimeTests.swift in Sources */ = {isa = PBXBuildFile; fileRef = C2A9C2112C7D6478008AF4B6 /* ColorfulTimeTests.swift */; };
		C2A9C21C2C7D6478008AF4B6 /* ColorfulTimeUITests.swift in Sources */ = {isa = PBXBuildFile; fileRef = C2A9C21B2C7D6478008AF4B6 /* ColorfulTimeUITests.swift */; };
		C2A9C21E2C7D6478008AF4B6 /* ColorfulTimeUITestsLaunchTests.swift in Sources */ = {isa = PBXBuildFile; fileRef = C2A9C21D2C7D6478008AF4B6 /* ColorfulTimeUITestsLaunchTests.swift */; };
		C2F41A762C8106A5000B8B00 /* ExtensionTimeInterval.swift in Sources */ = {isa = PBXBuildFile; fileRef = C2F41A752C8106A5000B8B00 /* ExtensionTimeInterval.swift */; };
		C2F41A7C2C81135C000B8B00 /* CircleTime.swift in Sources */ = {isa = PBXBuildFile; fileRef = C2F41A7B2C81135C000B8B00 /* CircleTime.swift */; };
		C2F41A7E2C8127A4000B8B00 /* WaterShape.swift in Sources */ = {isa = PBXBuildFile; fileRef = C2F41A7D2C8127A4000B8B00 /* WaterShape.swift */; };
/* End PBXBuildFile section */

/* Begin PBXContainerItemProxy section */
		C2A9C20E2C7D6478008AF4B6 /* PBXContainerItemProxy */ = {
			isa = PBXContainerItemProxy;
			containerPortal = C2A9C1F52C7D6476008AF4B6 /* Project object */;
			proxyType = 1;
			remoteGlobalIDString = C2A9C1FC2C7D6476008AF4B6;
			remoteInfo = ColorfulTime;
		};
		C2A9C2182C7D6478008AF4B6 /* PBXContainerItemProxy */ = {
			isa = PBXContainerItemProxy;
			containerPortal = C2A9C1F52C7D6476008AF4B6 /* Project object */;
			proxyType = 1;
			remoteGlobalIDString = C2A9C1FC2C7D6476008AF4B6;
			remoteInfo = ColorfulTime;
		};
/* End PBXContainerItemProxy section */

/* Begin PBXFileReference section */
		C2A9C1FD2C7D6476008AF4B6 /* ColorfulTime.app */ = {isa = PBXFileReference; explicitFileType = wrapper.application; includeInIndex = 0; path = ColorfulTime.app; sourceTree = BUILT_PRODUCTS_DIR; };
		C2A9C2002C7D6476008AF4B6 /* ColorfulTimeApp.swift */ = {isa = PBXFileReference; lastKnownFileType = sourcecode.swift; path = ColorfulTimeApp.swift; sourceTree = "<group>"; };
		C2A9C2022C7D6476008AF4B6 /* ContentView.swift */ = {isa = PBXFileReference; lastKnownFileType = sourcecode.swift; path = ContentView.swift; sourceTree = "<group>"; };
		C2A9C2042C7D6478008AF4B6 /* Assets.xcassets */ = {isa = PBXFileReference; lastKnownFileType = folder.assetcatalog; path = Assets.xcassets; sourceTree = "<group>"; };
		C2A9C2072C7D6478008AF4B6 /* Preview Assets.xcassets */ = {isa = PBXFileReference; lastKnownFileType = folder.assetcatalog; path = "Preview Assets.xcassets"; sourceTree = "<group>"; };
		C2A9C20D2C7D6478008AF4B6 /* ColorfulTimeTests.xctest */ = {isa = PBXFileReference; explicitFileType = wrapper.cfbundle; includeInIndex = 0; path = ColorfulTimeTests.xctest; sourceTree = BUILT_PRODUCTS_DIR; };
		C2A9C2112C7D6478008AF4B6 /* ColorfulTimeTests.swift */ = {isa = PBXFileReference; lastKnownFileType = sourcecode.swift; path = ColorfulTimeTests.swift; sourceTree = "<group>"; };
		C2A9C2172C7D6478008AF4B6 /* ColorfulTimeUITests.xctest */ = {isa = PBXFileReference; explicitFileType = wrapper.cfbundle; includeInIndex = 0; path = ColorfulTimeUITests.xctest; sourceTree = BUILT_PRODUCTS_DIR; };
		C2A9C21B2C7D6478008AF4B6 /* ColorfulTimeUITests.swift */ = {isa = PBXFileReference; lastKnownFileType = sourcecode.swift; path = ColorfulTimeUITests.swift; sourceTree = "<group>"; };
		C2A9C21D2C7D6478008AF4B6 /* ColorfulTimeUITestsLaunchTests.swift */ = {isa = PBXFileReference; lastKnownFileType = sourcecode.swift; path = ColorfulTimeUITestsLaunchTests.swift; sourceTree = "<group>"; };
		C2F41A752C8106A5000B8B00 /* ExtensionTimeInterval.swift */ = {isa = PBXFileReference; lastKnownFileType = sourcecode.swift; path = ExtensionTimeInterval.swift; sourceTree = "<group>"; };
		C2F41A7B2C81135C000B8B00 /* CircleTime.swift */ = {isa = PBXFileReference; lastKnownFileType = sourcecode.swift; path = CircleTime.swift; sourceTree = "<group>"; };
		C2F41A7D2C8127A4000B8B00 /* WaterShape.swift */ = {isa = PBXFileReference; lastKnownFileType = sourcecode.swift; path = WaterShape.swift; sourceTree = "<group>"; };
/* End PBXFileReference section */

/* Begin PBXFrameworksBuildPhase section */
		C2A9C1FA2C7D6476008AF4B6 /* Frameworks */ = {
			isa = PBXFrameworksBuildPhase;
			buildActionMask = 2147483647;
			files = (
			);
			runOnlyForDeploymentPostprocessing = 0;
		};
		C2A9C20A2C7D6478008AF4B6 /* Frameworks */ = {
			isa = PBXFrameworksBuildPhase;
			buildActionMask = 2147483647;
			files = (
			);
			runOnlyForDeploymentPostprocessing = 0;
		};
		C2A9C2142C7D6478008AF4B6 /* Frameworks */ = {
			isa = PBXFrameworksBuildPhase;
			buildActionMask = 2147483647;
			files = (
			);
			runOnlyForDeploymentPostprocessing = 0;
		};
/* End PBXFrameworksBuildPhase section */

/* Begin PBXGroup section */
		C2A9C1F42C7D6476008AF4B6 = {
			isa = PBXGroup;
			children = (
				C2A9C1FF2C7D6476008AF4B6 /* ColorfulTime */,
				C2A9C2102C7D6478008AF4B6 /* ColorfulTimeTests */,
				C2A9C21A2C7D6478008AF4B6 /* ColorfulTimeUITests */,
				C2A9C1FE2C7D6476008AF4B6 /* Products */,
			);
			sourceTree = "<group>";
		};
		C2A9C1FE2C7D6476008AF4B6 /* Products */ = {
			isa = PBXGroup;
			children = (
				C2A9C1FD2C7D6476008AF4B6 /* ColorfulTime.app */,
				C2A9C20D2C7D6478008AF4B6 /* ColorfulTimeTests.xctest */,
				C2A9C2172C7D6478008AF4B6 /* ColorfulTimeUITests.xctest */,
			);
			name = Products;
			sourceTree = "<group>";
		};
		C2A9C1FF2C7D6476008AF4B6 /* ColorfulTime */ = {
			isa = PBXGroup;
			children = (
				C2A9C22A2C7D64AF008AF4B6 /* App */,
				C2A9C22F2C7D64EE008AF4B6 /* Helpers */,
				C2A9C22E2C7D64E9008AF4B6 /* Model */,
				C2F41A772C810EF5000B8B00 /* Resources */,
				C2F41A782C810F05000B8B00 /* Services */,
				C2A9C22C2C7D64CA008AF4B6 /* View */,
				C2A9C2302C7D6A3C008AF4B6 /* ViewModel */,
				C2A9C2022C7D6476008AF4B6 /* ContentView.swift */,
				C2A9C2062C7D6478008AF4B6 /* Preview Content */,
			);
			path = ColorfulTime;
			sourceTree = "<group>";
		};
		C2A9C2062C7D6478008AF4B6 /* Preview Content */ = {
			isa = PBXGroup;
			children = (
				C2A9C2072C7D6478008AF4B6 /* Preview Assets.xcassets */,
			);
			path = "Preview Content";
			sourceTree = "<group>";
		};
		C2A9C2102C7D6478008AF4B6 /* ColorfulTimeTests */ = {
			isa = PBXGroup;
			children = (
				C2A9C2112C7D6478008AF4B6 /* ColorfulTimeTests.swift */,
			);
			path = ColorfulTimeTests;
			sourceTree = "<group>";
		};
		C2A9C21A2C7D6478008AF4B6 /* ColorfulTimeUITests */ = {
			isa = PBXGroup;
			children = (
				C2A9C21B2C7D6478008AF4B6 /* ColorfulTimeUITests.swift */,
				C2A9C21D2C7D6478008AF4B6 /* ColorfulTimeUITestsLaunchTests.swift */,
			);
			path = ColorfulTimeUITests;
			sourceTree = "<group>";
		};
		C2A9C22A2C7D64AF008AF4B6 /* App */ = {
			isa = PBXGroup;
			children = (
				C2A9C2002C7D6476008AF4B6 /* ColorfulTimeApp.swift */,
			);
			path = App;
			sourceTree = "<group>";
		};
		C2A9C22C2C7D64CA008AF4B6 /* View */ = {
			isa = PBXGroup;
			children = (
				C2A9C22D2C7D64D6008AF4B6 /* Helpers */,
			);
			path = View;
			sourceTree = "<group>";
		};
		C2A9C22D2C7D64D6008AF4B6 /* Helpers */ = {
			isa = PBXGroup;
			children = (
				C2F41A7B2C81135C000B8B00 /* CircleTime.swift */,
				C2F41A7D2C8127A4000B8B00 /* WaterShape.swift */,
			);
			path = Helpers;
			sourceTree = "<group>";
		};
		C2A9C22E2C7D64E9008AF4B6 /* Model */ = {
			isa = PBXGroup;
			children = (
			);
			path = Model;
			sourceTree = "<group>";
		};
		C2A9C22F2C7D64EE008AF4B6 /* Helpers */ = {
			isa = PBXGroup;
			children = (
				C2F41A752C8106A5000B8B00 /* ExtensionTimeInterval.swift */,
			);
			path = Helpers;
			sourceTree = "<group>";
		};
		C2A9C2302C7D6A3C008AF4B6 /* ViewModel */ = {
			isa = PBXGroup;
			children = (
			);
			path = ViewModel;
			sourceTree = "<group>";
		};
		C2F41A772C810EF5000B8B00 /* Resources */ = {
			isa = PBXGroup;
			children = (
				C2A9C2042C7D6478008AF4B6 /* Assets.xcassets */,
			);
			path = Resources;
			sourceTree = "<group>";
		};
		C2F41A782C810F05000B8B00 /* Services */ = {
			isa = PBXGroup;
			children = (
			);
			path = Services;
			sourceTree = "<group>";
		};
/* End PBXGroup section */

/* Begin PBXNativeTarget section */
		C2A9C1FC2C7D6476008AF4B6 /* ColorfulTime */ = {
			isa = PBXNativeTarget;
			buildConfigurationList = C2A9C2212C7D6478008AF4B6 /* Build configuration list for PBXNativeTarget "ColorfulTime" */;
			buildPhases = (
				C2A9C1F92C7D6476008AF4B6 /* Sources */,
				C2A9C1FA2C7D6476008AF4B6 /* Frameworks */,
				C2A9C1FB2C7D6476008AF4B6 /* Resources */,
			);
			buildRules = (
			);
			dependencies = (
			);
			name = ColorfulTime;
			productName = ColorfulTime;
			productReference = C2A9C1FD2C7D6476008AF4B6 /* ColorfulTime.app */;
			productType = "com.apple.product-type.application";
		};
		C2A9C20C2C7D6478008AF4B6 /* ColorfulTimeTests */ = {
			isa = PBXNativeTarget;
			buildConfigurationList = C2A9C2242C7D6478008AF4B6 /* Build configuration list for PBXNativeTarget "ColorfulTimeTests" */;
			buildPhases = (
				C2A9C2092C7D6478008AF4B6 /* Sources */,
				C2A9C20A2C7D6478008AF4B6 /* Frameworks */,
				C2A9C20B2C7D6478008AF4B6 /* Resources */,
			);
			buildRules = (
			);
			dependencies = (
				C2A9C20F2C7D6478008AF4B6 /* PBXTargetDependency */,
			);
			name = ColorfulTimeTests;
			productName = ColorfulTimeTests;
			productReference = C2A9C20D2C7D6478008AF4B6 /* ColorfulTimeTests.xctest */;
			productType = "com.apple.product-type.bundle.unit-test";
		};
		C2A9C2162C7D6478008AF4B6 /* ColorfulTimeUITests */ = {
			isa = PBXNativeTarget;
			buildConfigurationList = C2A9C2272C7D6478008AF4B6 /* Build configuration list for PBXNativeTarget "ColorfulTimeUITests" */;
			buildPhases = (
				C2A9C2132C7D6478008AF4B6 /* Sources */,
				C2A9C2142C7D6478008AF4B6 /* Frameworks */,
				C2A9C2152C7D6478008AF4B6 /* Resources */,
			);
			buildRules = (
			);
			dependencies = (
				C2A9C2192C7D6478008AF4B6 /* PBXTargetDependency */,
			);
			name = ColorfulTimeUITests;
			productName = ColorfulTimeUITests;
			productReference = C2A9C2172C7D6478008AF4B6 /* ColorfulTimeUITests.xctest */;
			productType = "com.apple.product-type.bundle.ui-testing";
		};
/* End PBXNativeTarget section */

/* Begin PBXProject section */
		C2A9C1F52C7D6476008AF4B6 /* Project object */ = {
			isa = PBXProject;
			attributes = {
				BuildIndependentTargetsInParallel = 1;
				LastSwiftUpdateCheck = 1540;
				LastUpgradeCheck = 1540;
				TargetAttributes = {
					C2A9C1FC2C7D6476008AF4B6 = {
						CreatedOnToolsVersion = 15.4;
					};
					C2A9C20C2C7D6478008AF4B6 = {
						CreatedOnToolsVersion = 15.4;
						TestTargetID = C2A9C1FC2C7D6476008AF4B6;
					};
					C2A9C2162C7D6478008AF4B6 = {
						CreatedOnToolsVersion = 15.4;
						TestTargetID = C2A9C1FC2C7D6476008AF4B6;
					};
				};
			};
			buildConfigurationList = C2A9C1F82C7D6476008AF4B6 /* Build configuration list for PBXProject "ColorfulTime" */;
			compatibilityVersion = "Xcode 14.0";
			developmentRegion = en;
			hasScannedForEncodings = 0;
			knownRegions = (
				en,
				Base,
			);
			mainGroup = C2A9C1F42C7D6476008AF4B6;
			productRefGroup = C2A9C1FE2C7D6476008AF4B6 /* Products */;
			projectDirPath = "";
			projectRoot = "";
			targets = (
				C2A9C1FC2C7D6476008AF4B6 /* ColorfulTime */,
				C2A9C20C2C7D6478008AF4B6 /* ColorfulTimeTests */,
				C2A9C2162C7D6478008AF4B6 /* ColorfulTimeUITests */,
			);
		};
/* End PBXProject section */

/* Begin PBXResourcesBuildPhase section */
		C2A9C1FB2C7D6476008AF4B6 /* Resources */ = {
			isa = PBXResourcesBuildPhase;
			buildActionMask = 2147483647;
			files = (
				C2A9C2082C7D6478008AF4B6 /* Preview Assets.xcassets in Resources */,
				C2A9C2052C7D6478008AF4B6 /* Assets.xcassets in Resources */,
			);
			runOnlyForDeploymentPostprocessing = 0;
		};
		C2A9C20B2C7D6478008AF4B6 /* Resources */ = {
			isa = PBXResourcesBuildPhase;
			buildActionMask = 2147483647;
			files = (
			);
			runOnlyForDeploymentPostprocessing = 0;
		};
		C2A9C2152C7D6478008AF4B6 /* Resources */ = {
			isa = PBXResourcesBuildPhase;
			buildActionMask = 2147483647;
			files = (
			);
			runOnlyForDeploymentPostprocessing = 0;
		};
/* End PBXResourcesBuildPhase section */

/* Begin PBXSourcesBuildPhase section */
		C2A9C1F92C7D6476008AF4B6 /* Sources */ = {
			isa = PBXSourcesBuildPhase;
			buildActionMask = 2147483647;
			files = (
				C2F41A7C2C81135C000B8B00 /* CircleTime.swift in Sources */,
				C2F41A7E2C8127A4000B8B00 /* WaterShape.swift in Sources */,
				C2A9C2032C7D6476008AF4B6 /* ContentView.swift in Sources */,
				C2F41A762C8106A5000B8B00 /* ExtensionTimeInterval.swift in Sources */,
				C2A9C2012C7D6476008AF4B6 /* ColorfulTimeApp.swift in Sources */,
			);
			runOnlyForDeploymentPostprocessing = 0;
		};
		C2A9C2092C7D6478008AF4B6 /* Sources */ = {
			isa = PBXSourcesBuildPhase;
			buildActionMask = 2147483647;
			files = (
				C2A9C2122C7D6478008AF4B6 /* ColorfulTimeTests.swift in Sources */,
			);
			runOnlyForDeploymentPostprocessing = 0;
		};
		C2A9C2132C7D6478008AF4B6 /* Sources */ = {
			isa = PBXSourcesBuildPhase;
			buildActionMask = 2147483647;
			files = (
				C2A9C21C2C7D6478008AF4B6 /* ColorfulTimeUITests.swift in Sources */,
				C2A9C21E2C7D6478008AF4B6 /* ColorfulTimeUITestsLaunchTests.swift in Sources */,
			);
			runOnlyForDeploymentPostprocessing = 0;
		};
/* End PBXSourcesBuildPhase section */

/* Begin PBXTargetDependency section */
		C2A9C20F2C7D6478008AF4B6 /* PBXTargetDependency */ = {
			isa = PBXTargetDependency;
			target = C2A9C1FC2C7D6476008AF4B6 /* ColorfulTime */;
			targetProxy = C2A9C20E2C7D6478008AF4B6 /* PBXContainerItemProxy */;
		};
		C2A9C2192C7D6478008AF4B6 /* PBXTargetDependency */ = {
			isa = PBXTargetDependency;
			target = C2A9C1FC2C7D6476008AF4B6 /* ColorfulTime */;
			targetProxy = C2A9C2182C7D6478008AF4B6 /* PBXContainerItemProxy */;
		};
/* End PBXTargetDependency section */

/* Begin XCBuildConfiguration section */
		C2A9C21F2C7D6478008AF4B6 /* Debug */ = {
			isa = XCBuildConfiguration;
			buildSettings = {
				ALWAYS_SEARCH_USER_PATHS = NO;
				ASSETCATALOG_COMPILER_GENERATE_SWIFT_ASSET_SYMBOL_EXTENSIONS = YES;
				CLANG_ANALYZER_NONNULL = YES;
				CLANG_ANALYZER_NUMBER_OBJECT_CONVERSION = YES_AGGRESSIVE;
				CLANG_CXX_LANGUAGE_STANDARD = "gnu++20";
				CLANG_ENABLE_MODULES = YES;
				CLANG_ENABLE_OBJC_ARC = YES;
				CLANG_ENABLE_OBJC_WEAK = YES;
				CLANG_WARN_BLOCK_CAPTURE_AUTORELEASING = YES;
				CLANG_WARN_BOOL_CONVERSION = YES;
				CLANG_WARN_COMMA = YES;
				CLANG_WARN_CONSTANT_CONVERSION = YES;
				CLANG_WARN_DEPRECATED_OBJC_IMPLEMENTATIONS = YES;
				CLANG_WARN_DIRECT_OBJC_ISA_USAGE = YES_ERROR;
				CLANG_WARN_DOCUMENTATION_COMMENTS = YES;
				CLANG_WARN_EMPTY_BODY = YES;
				CLANG_WARN_ENUM_CONVERSION = YES;
				CLANG_WARN_INFINITE_RECURSION = YES;
				CLANG_WARN_INT_CONVERSION = YES;
				CLANG_WARN_NON_LITERAL_NULL_CONVERSION = YES;
				CLANG_WARN_OBJC_IMPLICIT_RETAIN_SELF = YES;
				CLANG_WARN_OBJC_LITERAL_CONVERSION = YES;
				CLANG_WARN_OBJC_ROOT_CLASS = YES_ERROR;
				CLANG_WARN_QUOTED_INCLUDE_IN_FRAMEWORK_HEADER = YES;
				CLANG_WARN_RANGE_LOOP_ANALYSIS = YES;
				CLANG_WARN_STRICT_PROTOTYPES = YES;
				CLANG_WARN_SUSPICIOUS_MOVE = YES;
				CLANG_WARN_UNGUARDED_AVAILABILITY = YES_AGGRESSIVE;
				CLANG_WARN_UNREACHABLE_CODE = YES;
				CLANG_WARN__DUPLICATE_METHOD_MATCH = YES;
				COPY_PHASE_STRIP = NO;
				DEBUG_INFORMATION_FORMAT = dwarf;
				ENABLE_STRICT_OBJC_MSGSEND = YES;
				ENABLE_TESTABILITY = YES;
				ENABLE_USER_SCRIPT_SANDBOXING = YES;
				GCC_C_LANGUAGE_STANDARD = gnu17;
				GCC_DYNAMIC_NO_PIC = NO;
				GCC_NO_COMMON_BLOCKS = YES;
				GCC_OPTIMIZATION_LEVEL = 0;
				GCC_PREPROCESSOR_DEFINITIONS = (
					"DEBUG=1",
					"$(inherited)",
				);
				GCC_WARN_64_TO_32_BIT_CONVERSION = YES;
				GCC_WARN_ABOUT_RETURN_TYPE = YES_ERROR;
				GCC_WARN_UNDECLARED_SELECTOR = YES;
				GCC_WARN_UNINITIALIZED_AUTOS = YES_AGGRESSIVE;
				GCC_WARN_UNUSED_FUNCTION = YES;
				GCC_WARN_UNUSED_VARIABLE = YES;
				IPHONEOS_DEPLOYMENT_TARGET = 17.5;
				LOCALIZATION_PREFERS_STRING_CATALOGS = YES;
				MTL_ENABLE_DEBUG_INFO = INCLUDE_SOURCE;
				MTL_FAST_MATH = YES;
				ONLY_ACTIVE_ARCH = YES;
				SDKROOT = iphoneos;
				SWIFT_ACTIVE_COMPILATION_CONDITIONS = "DEBUG $(inherited)";
				SWIFT_OPTIMIZATION_LEVEL = "-Onone";
			};
			name = Debug;
		};
		C2A9C2202C7D6478008AF4B6 /* Release */ = {
			isa = XCBuildConfiguration;
			buildSettings = {
				ALWAYS_SEARCH_USER_PATHS = NO;
				ASSETCATALOG_COMPILER_GENERATE_SWIFT_ASSET_SYMBOL_EXTENSIONS = YES;
				CLANG_ANALYZER_NONNULL = YES;
				CLANG_ANALYZER_NUMBER_OBJECT_CONVERSION = YES_AGGRESSIVE;
				CLANG_CXX_LANGUAGE_STANDARD = "gnu++20";
				CLANG_ENABLE_MODULES = YES;
				CLANG_ENABLE_OBJC_ARC = YES;
				CLANG_ENABLE_OBJC_WEAK = YES;
				CLANG_WARN_BLOCK_CAPTURE_AUTORELEASING = YES;
				CLANG_WARN_BOOL_CONVERSION = YES;
				CLANG_WARN_COMMA = YES;
				CLANG_WARN_CONSTANT_CONVERSION = YES;
				CLANG_WARN_DEPRECATED_OBJC_IMPLEMENTATIONS = YES;
				CLANG_WARN_DIRECT_OBJC_ISA_USAGE = YES_ERROR;
				CLANG_WARN_DOCUMENTATION_COMMENTS = YES;
				CLANG_WARN_EMPTY_BODY = YES;
				CLANG_WARN_ENUM_CONVERSION = YES;
				CLANG_WARN_INFINITE_RECURSION = YES;
				CLANG_WARN_INT_CONVERSION = YES;
				CLANG_WARN_NON_LITERAL_NULL_CONVERSION = YES;
				CLANG_WARN_OBJC_IMPLICIT_RETAIN_SELF = YES;
				CLANG_WARN_OBJC_LITERAL_CONVERSION = YES;
				CLANG_WARN_OBJC_ROOT_CLASS = YES_ERROR;
				CLANG_WARN_QUOTED_INCLUDE_IN_FRAMEWORK_HEADER = YES;
				CLANG_WARN_RANGE_LOOP_ANALYSIS = YES;
				CLANG_WARN_STRICT_PROTOTYPES = YES;
				CLANG_WARN_SUSPICIOUS_MOVE = YES;
				CLANG_WARN_UNGUARDED_AVAILABILITY = YES_AGGRESSIVE;
				CLANG_WARN_UNREACHABLE_CODE = YES;
				CLANG_WARN__DUPLICATE_METHOD_MATCH = YES;
				COPY_PHASE_STRIP = NO;
				DEBUG_INFORMATION_FORMAT = "dwarf-with-dsym";
				ENABLE_NS_ASSERTIONS = NO;
				ENABLE_STRICT_OBJC_MSGSEND = YES;
				ENABLE_USER_SCRIPT_SANDBOXING = YES;
				GCC_C_LANGUAGE_STANDARD = gnu17;
				GCC_NO_COMMON_BLOCKS = YES;
				GCC_WARN_64_TO_32_BIT_CONVERSION = YES;
				GCC_WARN_ABOUT_RETURN_TYPE = YES_ERROR;
				GCC_WARN_UNDECLARED_SELECTOR = YES;
				GCC_WARN_UNINITIALIZED_AUTOS = YES_AGGRESSIVE;
				GCC_WARN_UNUSED_FUNCTION = YES;
				GCC_WARN_UNUSED_VARIABLE = YES;
				IPHONEOS_DEPLOYMENT_TARGET = 17.5;
				LOCALIZATION_PREFERS_STRING_CATALOGS = YES;
				MTL_ENABLE_DEBUG_INFO = NO;
				MTL_FAST_MATH = YES;
				SDKROOT = iphoneos;
				SWIFT_COMPILATION_MODE = wholemodule;
				VALIDATE_PRODUCT = YES;
			};
			name = Release;
		};
		C2A9C2222C7D6478008AF4B6 /* Debug */ = {
			isa = XCBuildConfiguration;
			buildSettings = {
				ASSETCATALOG_COMPILER_APPICON_NAME = AppIcon;
				ASSETCATALOG_COMPILER_GLOBAL_ACCENT_COLOR_NAME = AccentColor;
				CODE_SIGN_STYLE = Automatic;
				CURRENT_PROJECT_VERSION = 1;
				DEVELOPMENT_ASSET_PATHS = "\"ColorfulTime/Preview Content\"";
				DEVELOPMENT_TEAM = 3F7K3Z48QL;
				ENABLE_PREVIEWS = YES;
				GENERATE_INFOPLIST_FILE = YES;
				INFOPLIST_KEY_UIApplicationSceneManifest_Generation = YES;
				INFOPLIST_KEY_UIApplicationSupportsIndirectInputEvents = YES;
				INFOPLIST_KEY_UILaunchScreen_Generation = YES;
				INFOPLIST_KEY_UISupportedInterfaceOrientations_iPad = "UIInterfaceOrientationPortrait UIInterfaceOrientationPortraitUpsideDown UIInterfaceOrientationLandscapeLeft UIInterfaceOrientationLandscapeRight";
				INFOPLIST_KEY_UISupportedInterfaceOrientations_iPhone = "UIInterfaceOrientationPortrait UIInterfaceOrientationLandscapeLeft UIInterfaceOrientationLandscapeRight";
				LD_RUNPATH_SEARCH_PATHS = (
					"$(inherited)",
					"@executable_path/Frameworks",
				);
				MARKETING_VERSION = 1.0;
				PRODUCT_BUNDLE_IDENTIFIER = com.justmonz.ColorfulTime;
				PRODUCT_NAME = "$(TARGET_NAME)";
				SWIFT_EMIT_LOC_STRINGS = YES;
				SWIFT_VERSION = 5.0;
				TARGETED_DEVICE_FAMILY = "1,2";
			};
			name = Debug;
		};
		C2A9C2232C7D6478008AF4B6 /* Release */ = {
			isa = XCBuildConfiguration;
			buildSettings = {
				ASSETCATALOG_COMPILER_APPICON_NAME = AppIcon;
				ASSETCATALOG_COMPILER_GLOBAL_ACCENT_COLOR_NAME = AccentColor;
				CODE_SIGN_STYLE = Automatic;
				CURRENT_PROJECT_VERSION = 1;
				DEVELOPMENT_ASSET_PATHS = "\"ColorfulTime/Preview Content\"";
				DEVELOPMENT_TEAM = 3F7K3Z48QL;
				ENABLE_PREVIEWS = YES;
				GENERATE_INFOPLIST_FILE = YES;
				INFOPLIST_KEY_UIApplicationSceneManifest_Generation = YES;
				INFOPLIST_KEY_UIApplicationSupportsIndirectInputEvents = YES;
				INFOPLIST_KEY_UILaunchScreen_Generation = YES;
				INFOPLIST_KEY_UISupportedInterfaceOrientations_iPad = "UIInterfaceOrientationPortrait UIInterfaceOrientationPortraitUpsideDown UIInterfaceOrientationLandscapeLeft UIInterfaceOrientationLandscapeRight";
				INFOPLIST_KEY_UISupportedInterfaceOrientations_iPhone = "UIInterfaceOrientationPortrait UIInterfaceOrientationLandscapeLeft UIInterfaceOrientationLandscapeRight";
				LD_RUNPATH_SEARCH_PATHS = (
					"$(inherited)",
					"@executable_path/Frameworks",
				);
				MARKETING_VERSION = 1.0;
				PRODUCT_BUNDLE_IDENTIFIER = com.justmonz.ColorfulTime;
				PRODUCT_NAME = "$(TARGET_NAME)";
				SWIFT_EMIT_LOC_STRINGS = YES;
				SWIFT_VERSION = 5.0;
				TARGETED_DEVICE_FAMILY = "1,2";
			};
			name = Release;
		};
		C2A9C2252C7D6478008AF4B6 /* Debug */ = {
			isa = XCBuildConfiguration;
			buildSettings = {
				ALWAYS_EMBED_SWIFT_STANDARD_LIBRARIES = YES;
				BUNDLE_LOADER = "$(TEST_HOST)";
				CODE_SIGN_STYLE = Automatic;
				CURRENT_PROJECT_VERSION = 1;
				DEVELOPMENT_TEAM = 3F7K3Z48QL;
				GENERATE_INFOPLIST_FILE = YES;
				IPHONEOS_DEPLOYMENT_TARGET = 17.5;
				MARKETING_VERSION = 1.0;
				PRODUCT_BUNDLE_IDENTIFIER = com.justmonz.ColorfulTimeTests;
				PRODUCT_NAME = "$(TARGET_NAME)";
				SWIFT_EMIT_LOC_STRINGS = NO;
				SWIFT_VERSION = 5.0;
				TARGETED_DEVICE_FAMILY = "1,2";
				TEST_HOST = "$(BUILT_PRODUCTS_DIR)/ColorfulTime.app/$(BUNDLE_EXECUTABLE_FOLDER_PATH)/ColorfulTime";
			};
			name = Debug;
		};
		C2A9C2262C7D6478008AF4B6 /* Release */ = {
			isa = XCBuildConfiguration;
			buildSettings = {
				ALWAYS_EMBED_SWIFT_STANDARD_LIBRARIES = YES;
				BUNDLE_LOADER = "$(TEST_HOST)";
				CODE_SIGN_STYLE = Automatic;
				CURRENT_PROJECT_VERSION = 1;
				DEVELOPMENT_TEAM = 3F7K3Z48QL;
				GENERATE_INFOPLIST_FILE = YES;
				IPHONEOS_DEPLOYMENT_TARGET = 17.5;
				MARKETING_VERSION = 1.0;
				PRODUCT_BUNDLE_IDENTIFIER = com.justmonz.ColorfulTimeTests;
				PRODUCT_NAME = "$(TARGET_NAME)";
				SWIFT_EMIT_LOC_STRINGS = NO;
				SWIFT_VERSION = 5.0;
				TARGETED_DEVICE_FAMILY = "1,2";
				TEST_HOST = "$(BUILT_PRODUCTS_DIR)/ColorfulTime.app/$(BUNDLE_EXECUTABLE_FOLDER_PATH)/ColorfulTime";
			};
			name = Release;
		};
		C2A9C2282C7D6478008AF4B6 /* Debug */ = {
			isa = XCBuildConfiguration;
			buildSettings = {
				ALWAYS_EMBED_SWIFT_STANDARD_LIBRARIES = YES;
				CODE_SIGN_STYLE = Automatic;
				CURRENT_PROJECT_VERSION = 1;
				DEVELOPMENT_TEAM = 3F7K3Z48QL;
				GENERATE_INFOPLIST_FILE = YES;
				MARKETING_VERSION = 1.0;
				PRODUCT_BUNDLE_IDENTIFIER = com.justmonz.ColorfulTimeUITests;
				PRODUCT_NAME = "$(TARGET_NAME)";
				SWIFT_EMIT_LOC_STRINGS = NO;
				SWIFT_VERSION = 5.0;
				TARGETED_DEVICE_FAMILY = "1,2";
				TEST_TARGET_NAME = ColorfulTime;
			};
			name = Debug;
		};
		C2A9C2292C7D6478008AF4B6 /* Release */ = {
			isa = XCBuildConfiguration;
			buildSettings = {
				ALWAYS_EMBED_SWIFT_STANDARD_LIBRARIES = YES;
				CODE_SIGN_STYLE = Automatic;
				CURRENT_PROJECT_VERSION = 1;
				DEVELOPMENT_TEAM = 3F7K3Z48QL;
				GENERATE_INFOPLIST_FILE = YES;
				MARKETING_VERSION = 1.0;
				PRODUCT_BUNDLE_IDENTIFIER = com.justmonz.ColorfulTimeUITests;
				PRODUCT_NAME = "$(TARGET_NAME)";
				SWIFT_EMIT_LOC_STRINGS = NO;
				SWIFT_VERSION = 5.0;
				TARGETED_DEVICE_FAMILY = "1,2";
				TEST_TARGET_NAME = ColorfulTime;
			};
			name = Release;
		};
/* End XCBuildConfiguration section */

/* Begin XCConfigurationList section */
		C2A9C1F82C7D6476008AF4B6 /* Build configuration list for PBXProject "ColorfulTime" */ = {
			isa = XCConfigurationList;
			buildConfigurations = (
				C2A9C21F2C7D6478008AF4B6 /* Debug */,
				C2A9C2202C7D6478008AF4B6 /* Release */,
			);
			defaultConfigurationIsVisible = 0;
			defaultConfigurationName = Release;
		};
		C2A9C2212C7D6478008AF4B6 /* Build configuration list for PBXNativeTarget "ColorfulTime" */ = {
			isa = XCConfigurationList;
			buildConfigurations = (
				C2A9C2222C7D6478008AF4B6 /* Debug */,
				C2A9C2232C7D6478008AF4B6 /* Release */,
			);
			defaultConfigurationIsVisible = 0;
			defaultConfigurationName = Release;
		};
		C2A9C2242C7D6478008AF4B6 /* Build configuration list for PBXNativeTarget "ColorfulTimeTests" */ = {
			isa = XCConfigurationList;
			buildConfigurations = (
				C2A9C2252C7D6478008AF4B6 /* Debug */,
				C2A9C2262C7D6478008AF4B6 /* Release */,
			);
			defaultConfigurationIsVisible = 0;
			defaultConfigurationName = Release;
		};
		C2A9C2272C7D6478008AF4B6 /* Build configuration list for PBXNativeTarget "ColorfulTimeUITests" */ = {
			isa = XCConfigurationList;
			buildConfigurations = (
				C2A9C2282C7D6478008AF4B6 /* Debug */,
				C2A9C2292C7D6478008AF4B6 /* Release */,
			);
			defaultConfigurationIsVisible = 0;
			defaultConfigurationName = Release;
		};
/* End XCConfigurationList section */
	};
	rootObject = C2A9C1F52C7D6476008AF4B6 /* Project object */;
}
